
Microsoft Visual Studio Solution File, Format Version 12.00
# Visual Studio Version 16
VisualStudioVersion = 16.0.29215.179
MinimumVisualStudioVersion = 10.0.40219.1
Project("{FAE04EC0-301F-11D3-BF4B-00C04F79EFBC}") = "nquicky", "nquicky\nquicky.csproj", "{8023DE78-F67F-47E9-9622-46A98C3B1780}"
EndProject
Global
	GlobalSection(SolutionConfigurationPlatforms) = preSolution
		Debug|Any CPU = Debug|Any CPU
		Release|Any CPU = Release|Any CPU
	EndGlobalSection
	GlobalSection(ProjectConfigurationPlatforms) = postSolution
		{8023DE78-F67F-47E9-9622-46A98C3B1780}.Debug|Any CPU.ActiveCfg = Debug|Any CPU
		{8023DE78-F67F-47E9-9622-46A98C3B1780}.Debug|Any CPU.Build.0 = Debug|Any CPU
		{8023DE78-F67F-47E9-9622-46A98C3B1780}.Release|Any CPU.ActiveCfg = Release|Any CPU
		{8023DE78-F67F-47E9-9622-46A98C3B1780}.Release|Any CPU.Build.0 = Release|Any CPU
	EndGlobalSection
	GlobalSection(SolutionProperties) = preSolution
		HideSolutionNode = FALSE
	EndGlobalSection
	GlobalSection(ExtensibilityGlobals) = postSolution
		SolutionGuid = {4F64DEBD-9CE0-4A1C-AAF4-ADEA8A90D149}
	EndGlobalSection
EndGlobal
